
Microsoft Visual Studio Solution File, Format Version 12.00
# Visual Studio 2013
VisualStudioVersion = 12.0.40629.0
MinimumVisualStudioVersion = 10.0.40219.1
Project("{FAE04EC0-301F-11D3-BF4B-00C04F79EFBC}") = "Dibware.EventDispatcher.UI", "Dibware.EventDispatcher.UI\Dibware.EventDispatcher.UI.csproj", "{63B0082B-D59C-4D0A-A3B5-D24CAFD8C4D0}"
EndProject
Project("{FAE04EC0-301F-11D3-BF4B-00C04F79EFBC}") = "Dibware.EventDispatcher.Core", "Dibware.EventDispatcher.Core\Dibware.EventDispatcher.Core.csproj", "{0D4A3874-1367-4F21-8A1C-7BC58EDC7179}"
EndProject
Project("{2150E333-8FDC-42A3-9474-1A3956D46DE8}") = "Documents", "Documents", "{4B142BA3-35C1-4FEE-AD53-DAD17FEC29F4}"
	ProjectSection(SolutionItems) = preProject
		BlogPost_Pt1.md = BlogPost_Pt1.md
		BlogPost_Pt2.md = BlogPost_Pt2.md
		BlogPost_Pt3.md = BlogPost_Pt3.md
	EndProjectSection
EndProject
Project("{FAE04EC0-301F-11D3-BF4B-00C04F79EFBC}") = "Dibware.EventDispatcher.Core.Tests", "Dibware.EventDispatcher.Core.Tests\Dibware.EventDispatcher.Core.Tests.csproj", "{3AA40CE5-ABEC-47AE-ABB9-654F0A3237E5}"
EndProject
Global
	GlobalSection(SolutionConfigurationPlatforms) = preSolution
		Debug|Any CPU = Debug|Any CPU
		Release|Any CPU = Release|Any CPU
	EndGlobalSection
	GlobalSection(ProjectConfigurationPlatforms) = postSolution
		{63B0082B-D59C-4D0A-A3B5-D24CAFD8C4D0}.Debug|Any CPU.ActiveCfg = Debug|Any CPU
		{63B0082B-D59C-4D0A-A3B5-D24CAFD8C4D0}.Debug|Any CPU.Build.0 = Debug|Any CPU
		{63B0082B-D59C-4D0A-A3B5-D24CAFD8C4D0}.Release|Any CPU.ActiveCfg = Release|Any CPU
		{63B0082B-D59C-4D0A-A3B5-D24CAFD8C4D0}.Release|Any CPU.Build.0 = Release|Any CPU
		{0D4A3874-1367-4F21-8A1C-7BC58EDC7179}.Debug|Any CPU.ActiveCfg = Debug|Any CPU
		{0D4A3874-1367-4F21-8A1C-7BC58EDC7179}.Debug|Any CPU.Build.0 = Debug|Any CPU
		{0D4A3874-1367-4F21-8A1C-7BC58EDC7179}.Release|Any CPU.ActiveCfg = Release|Any CPU
		{0D4A3874-1367-4F21-8A1C-7BC58EDC7179}.Release|Any CPU.Build.0 = Release|Any CPU
		{3AA40CE5-ABEC-47AE-ABB9-654F0A3237E5}.Debug|Any CPU.ActiveCfg = Debug|Any CPU
		{3AA40CE5-ABEC-47AE-ABB9-654F0A3237E5}.Debug|Any CPU.Build.0 = Debug|Any CPU
		{3AA40CE5-ABEC-47AE-ABB9-654F0A3237E5}.Release|Any CPU.ActiveCfg = Release|Any CPU
		{3AA40CE5-ABEC-47AE-ABB9-654F0A3237E5}.Release|Any CPU.Build.0 = Release|Any CPU
	EndGlobalSection
	GlobalSection(SolutionProperties) = preSolution
		HideSolutionNode = FALSE
	EndGlobalSection
EndGlobal
